// !$*UTF8*$!
{
	archiveVersion = 1;
	classes = {
	};
	objectVersion = 50;
	objects = {

/* Begin PBXBuildFile section */
		D42B418823402F35005F6C76 /* shaders.c in Sources */ = {isa = PBXBuildFile; fileRef = D42B418723402F35005F6C76 /* shaders.c */; };
		D4565E07234007390093C4BB /* libglfw.3.3.dylib in Frameworks */ = {isa = PBXBuildFile; fileRef = D4565E06234007390093C4BB /* libglfw.3.3.dylib */; };
		D4565E09234007900093C4BB /* libGLEW.2.1.0.dylib in Frameworks */ = {isa = PBXBuildFile; fileRef = D4565E08234007900093C4BB /* libGLEW.2.1.0.dylib */; };
		D4565E0E23400BDD0093C4BB /* Cocoa.framework in Frameworks */ = {isa = PBXBuildFile; fileRef = D4565E0D23400BDD0093C4BB /* Cocoa.framework */; };
		D48E276D233ED64B007B8FB5 /* main.c in Sources */ = {isa = PBXBuildFile; fileRef = D48E276C233ED64B007B8FB5 /* main.c */; };
		D4C4661523403A0300165730 /* window.c in Sources */ = {isa = PBXBuildFile; fileRef = D4C4661423403A0300165730 /* window.c */; };
		D4C4661823403C2C00165730 /* object.c in Sources */ = {isa = PBXBuildFile; fileRef = D4C4661723403C2C00165730 /* object.c */; };
		D4EB120E233EFBEC009F088A /* OpenGL.framework in Frameworks */ = {isa = PBXBuildFile; fileRef = D4D6F79A233EE13900C4BE47 /* OpenGL.framework */; };
/* End PBXBuildFile section */

/* Begin PBXCopyFilesBuildPhase section */
		D48E2767233ED64B007B8FB5 /* CopyFiles */ = {
			isa = PBXCopyFilesBuildPhase;
			buildActionMask = 2147483647;
			dstPath = /usr/share/man/man1/;
			dstSubfolderSpec = 0;
			files = (
			);
			runOnlyForDeploymentPostprocessing = 1;
		};
/* End PBXCopyFilesBuildPhase section */

/* Begin PBXFileReference section */
		D42B418623402F35005F6C76 /* shaders.h */ = {isa = PBXFileReference; lastKnownFileType = sourcecode.c.h; path = shaders.h; sourceTree = "<group>"; };
		D42B418723402F35005F6C76 /* shaders.c */ = {isa = PBXFileReference; lastKnownFileType = sourcecode.c.c; path = shaders.c; sourceTree = "<group>"; };
		D4565E06234007390093C4BB /* libglfw.3.3.dylib */ = {isa = PBXFileReference; lastKnownFileType = "compiled.mach-o.dylib"; name = libglfw.3.3.dylib; path = ../../../../usr/local/Cellar/glfw/3.3/lib/libglfw.3.3.dylib; sourceTree = "<group>"; };
		D4565E08234007900093C4BB /* libGLEW.2.1.0.dylib */ = {isa = PBXFileReference; lastKnownFileType = "compiled.mach-o.dylib"; name = libGLEW.2.1.0.dylib; path = ../../../../usr/local/Cellar/glew/2.1.0/lib/libGLEW.2.1.0.dylib; sourceTree = "<group>"; };
		D4565E0D23400BDD0093C4BB /* Cocoa.framework */ = {isa = PBXFileReference; lastKnownFileType = wrapper.framework; name = Cocoa.framework; path = System/Library/Frameworks/Cocoa.framework; sourceTree = SDKROOT; };
		D48E2769233ED64B007B8FB5 /* CGraphics */ = {isa = PBXFileReference; explicitFileType = "compiled.mach-o.executable"; includeInIndex = 0; path = CGraphics; sourceTree = BUILT_PRODUCTS_DIR; };
		D48E276C233ED64B007B8FB5 /* main.c */ = {isa = PBXFileReference; fileEncoding = 4; lastKnownFileType = sourcecode.c.c; lineEnding = 0; path = main.c; sourceTree = "<group>"; };
		D4C4661323403A0300165730 /* window.h */ = {isa = PBXFileReference; lastKnownFileType = sourcecode.c.h; path = window.h; sourceTree = "<group>"; };
		D4C4661423403A0300165730 /* window.c */ = {isa = PBXFileReference; lastKnownFileType = sourcecode.c.c; path = window.c; sourceTree = "<group>"; };
		D4C4661623403C2C00165730 /* object.h */ = {isa = PBXFileReference; lastKnownFileType = sourcecode.c.h; path = object.h; sourceTree = "<group>"; };
		D4C4661723403C2C00165730 /* object.c */ = {isa = PBXFileReference; lastKnownFileType = sourcecode.c.c; path = object.c; sourceTree = "<group>"; };
		D4D6F79A233EE13900C4BE47 /* OpenGL.framework */ = {isa = PBXFileReference; lastKnownFileType = wrapper.framework; name = OpenGL.framework; path = System/Library/Frameworks/OpenGL.framework; sourceTree = SDKROOT; };
		D4EB31CC2340139C00CFF8AA /* vertex_shader.glsl */ = {isa = PBXFileReference; fileEncoding = 4; lastKnownFileType = text; lineEnding = 0; path = vertex_shader.glsl; sourceTree = "<group>"; };
		D4EB31CD2340139F00CFF8AA /* fragment_shader.glsl */ = {isa = PBXFileReference; fileEncoding = 4; lastKnownFileType = text; lineEnding = 0; path = fragment_shader.glsl; sourceTree = "<group>"; };
/* End PBXFileReference section */

/* Begin PBXFrameworksBuildPhase section */
		D48E2766233ED64B007B8FB5 /* Frameworks */ = {
			isa = PBXFrameworksBuildPhase;
			buildActionMask = 2147483647;
			files = (
				D4565E07234007390093C4BB /* libglfw.3.3.dylib in Frameworks */,
				D4565E09234007900093C4BB /* libGLEW.2.1.0.dylib in Frameworks */,
				D4565E0E23400BDD0093C4BB /* Cocoa.framework in Frameworks */,
				D4EB120E233EFBEC009F088A /* OpenGL.framework in Frameworks */,
			);
			runOnlyForDeploymentPostprocessing = 0;
		};
/* End PBXFrameworksBuildPhase section */

/* Begin PBXGroup section */
		D42B418323402E87005F6C76 /* shaders */ = {
			isa = PBXGroup;
			children = (
				D4EB31CD2340139F00CFF8AA /* fragment_shader.glsl */,
				D4EB31CC2340139C00CFF8AA /* vertex_shader.glsl */,
			);
			path = shaders;
			sourceTree = "<group>";
		};
		D42B418423402EC4005F6C76 /* src */ = {
			isa = PBXGroup;
			children = (
				D4C4661423403A0300165730 /* window.c */,
				D42B418723402F35005F6C76 /* shaders.c */,
				D4C4661723403C2C00165730 /* object.c */,
			);
			path = src;
			sourceTree = "<group>";
		};
		D42B418523402ECA005F6C76 /* includes */ = {
			isa = PBXGroup;
			children = (
				D4C4661323403A0300165730 /* window.h */,
				D42B418623402F35005F6C76 /* shaders.h */,
				D4C4661623403C2C00165730 /* object.h */,
			);
			path = includes;
			sourceTree = "<group>";
		};
		D48E2760233ED64B007B8FB5 = {
			isa = PBXGroup;
			children = (
				D48E276B233ED64B007B8FB5 /* CGraphics */,
				D48E276A233ED64B007B8FB5 /* Products */,
				D4D6F799233EE13900C4BE47 /* Frameworks */,
			);
			sourceTree = "<group>";
		};
		D48E276A233ED64B007B8FB5 /* Products */ = {
			isa = PBXGroup;
			children = (
				D48E2769233ED64B007B8FB5 /* CGraphics */,
			);
			name = Products;
			sourceTree = "<group>";
		};
		D48E276B233ED64B007B8FB5 /* CGraphics */ = {
			isa = PBXGroup;
			children = (
				D42B418523402ECA005F6C76 /* includes */,
				D42B418423402EC4005F6C76 /* src */,
				D48E276C233ED64B007B8FB5 /* main.c */,
				D42B418323402E87005F6C76 /* shaders */,
			);
			path = CGraphics;
			sourceTree = "<group>";
		};
		D4D6F799233EE13900C4BE47 /* Frameworks */ = {
			isa = PBXGroup;
			children = (
				D4565E0D23400BDD0093C4BB /* Cocoa.framework */,
				D4565E08234007900093C4BB /* libGLEW.2.1.0.dylib */,
				D4565E06234007390093C4BB /* libglfw.3.3.dylib */,
				D4D6F79A233EE13900C4BE47 /* OpenGL.framework */,
			);
			name = Frameworks;
			sourceTree = "<group>";
		};
/* End PBXGroup section */

/* Begin PBXNativeTarget section */
		D48E2768233ED64B007B8FB5 /* CGraphics */ = {
			isa = PBXNativeTarget;
			buildConfigurationList = D48E2770233ED64B007B8FB5 /* Build configuration list for PBXNativeTarget "CGraphics" */;
			buildPhases = (
				D48E2765233ED64B007B8FB5 /* Sources */,
				D48E2766233ED64B007B8FB5 /* Frameworks */,
				D48E2767233ED64B007B8FB5 /* CopyFiles */,
			);
			buildRules = (
			);
			dependencies = (
			);
			name = CGraphics;
			productName = CGraphics;
			productReference = D48E2769233ED64B007B8FB5 /* CGraphics */;
			productType = "com.apple.product-type.tool";
		};
/* End PBXNativeTarget section */

/* Begin PBXProject section */
		D48E2761233ED64B007B8FB5 /* Project object */ = {
			isa = PBXProject;
			attributes = {
				LastUpgradeCheck = 1100;
				ORGANIZATIONNAME = piergabory;
				TargetAttributes = {
					D48E2768233ED64B007B8FB5 = {
						CreatedOnToolsVersion = 11.0;
					};
				};
			};
			buildConfigurationList = D48E2764233ED64B007B8FB5 /* Build configuration list for PBXProject "CGraphics" */;
			compatibilityVersion = "Xcode 9.3";
			developmentRegion = en;
			hasScannedForEncodings = 0;
			knownRegions = (
				en,
				Base,
			);
			mainGroup = D48E2760233ED64B007B8FB5;
			productRefGroup = D48E276A233ED64B007B8FB5 /* Products */;
			projectDirPath = "";
			projectRoot = "";
			targets = (
				D48E2768233ED64B007B8FB5 /* CGraphics */,
			);
		};
/* End PBXProject section */

/* Begin PBXSourcesBuildPhase section */
		D48E2765233ED64B007B8FB5 /* Sources */ = {
			isa = PBXSourcesBuildPhase;
			buildActionMask = 2147483647;
			files = (
				D4C4661823403C2C00165730 /* object.c in Sources */,
				D4C4661523403A0300165730 /* window.c in Sources */,
				D42B418823402F35005F6C76 /* shaders.c in Sources */,
				D48E276D233ED64B007B8FB5 /* main.c in Sources */,
			);
			runOnlyForDeploymentPostprocessing = 0;
		};
/* End PBXSourcesBuildPhase section */

/* Begin XCBuildConfiguration section */
		D48E276E233ED64B007B8FB5 /* Debug */ = {
			isa = XCBuildConfiguration;
			buildSettings = {
				ALWAYS_SEARCH_USER_PATHS = NO;
				CLANG_ANALYZER_NONNULL = YES;
				CLANG_ANALYZER_NUMBER_OBJECT_CONVERSION = YES_AGGRESSIVE;
				CLANG_CXX_LANGUAGE_STANDARD = "gnu++14";
				CLANG_CXX_LIBRARY = "libc++";
				CLANG_ENABLE_MODULES = NO;
				CLANG_ENABLE_OBJC_ARC = YES;
				CLANG_ENABLE_OBJC_WEAK = YES;
				CLANG_WARN_BLOCK_CAPTURE_AUTORELEASING = YES;
				CLANG_WARN_BOOL_CONVERSION = YES;
				CLANG_WARN_COMMA = YES;
				CLANG_WARN_CONSTANT_CONVERSION = YES;
				CLANG_WARN_DEPRECATED_OBJC_IMPLEMENTATIONS = YES;
				CLANG_WARN_DIRECT_OBJC_ISA_USAGE = YES_ERROR;
				CLANG_WARN_DOCUMENTATION_COMMENTS = NO;
				CLANG_WARN_EMPTY_BODY = YES;
				CLANG_WARN_ENUM_CONVERSION = YES;
				CLANG_WARN_INFINITE_RECURSION = YES;
				CLANG_WARN_INT_CONVERSION = YES;
				CLANG_WARN_NON_LITERAL_NULL_CONVERSION = YES;
				CLANG_WARN_OBJC_IMPLICIT_RETAIN_SELF = YES;
				CLANG_WARN_OBJC_LITERAL_CONVERSION = YES;
				CLANG_WARN_OBJC_ROOT_CLASS = YES_ERROR;
				CLANG_WARN_RANGE_LOOP_ANALYSIS = YES;
				CLANG_WARN_STRICT_PROTOTYPES = YES;
				CLANG_WARN_SUSPICIOUS_MOVE = YES;
				CLANG_WARN_UNGUARDED_AVAILABILITY = YES_AGGRESSIVE;
				CLANG_WARN_UNREACHABLE_CODE = YES;
				CLANG_WARN__DUPLICATE_METHOD_MATCH = YES;
				COPY_PHASE_STRIP = NO;
				DEBUG_INFORMATION_FORMAT = dwarf;
				ENABLE_STRICT_OBJC_MSGSEND = YES;
				ENABLE_TESTABILITY = YES;
				GCC_C_LANGUAGE_STANDARD = gnu11;
				GCC_DYNAMIC_NO_PIC = NO;
				GCC_NO_COMMON_BLOCKS = YES;
				GCC_OPTIMIZATION_LEVEL = 0;
				GCC_PREPROCESSOR_DEFINITIONS = (
					"DEBUG=1",
					"$(inherited)",
				);
				GCC_WARN_64_TO_32_BIT_CONVERSION = YES;
				GCC_WARN_ABOUT_RETURN_TYPE = YES_ERROR;
				GCC_WARN_UNDECLARED_SELECTOR = YES;
				GCC_WARN_UNINITIALIZED_AUTOS = YES_AGGRESSIVE;
				GCC_WARN_UNUSED_FUNCTION = YES;
				GCC_WARN_UNUSED_VARIABLE = YES;
				HEADER_SEARCH_PATHS = /usr/local/include;
				MACOSX_DEPLOYMENT_TARGET = 10.14;
				MTL_ENABLE_DEBUG_INFO = INCLUDE_SOURCE;
				MTL_FAST_MATH = YES;
				ONLY_ACTIVE_ARCH = YES;
				SDKROOT = macosx;
			};
			name = Debug;
		};
		D48E276F233ED64B007B8FB5 /* Release */ = {
			isa = XCBuildConfiguration;
			buildSettings = {
				ALWAYS_SEARCH_USER_PATHS = NO;
				CLANG_ANALYZER_NONNULL = YES;
				CLANG_ANALYZER_NUMBER_OBJECT_CONVERSION = YES_AGGRESSIVE;
				CLANG_CXX_LANGUAGE_STANDARD = "gnu++14";
				CLANG_CXX_LIBRARY = "libc++";
				CLANG_ENABLE_MODULES = NO;
				CLANG_ENABLE_OBJC_ARC = YES;
				CLANG_ENABLE_OBJC_WEAK = YES;
				CLANG_WARN_BLOCK_CAPTURE_AUTORELEASING = YES;
				CLANG_WARN_BOOL_CONVERSION = YES;
				CLANG_WARN_COMMA = YES;
				CLANG_WARN_CONSTANT_CONVERSION = YES;
				CLANG_WARN_DEPRECATED_OBJC_IMPLEMENTATIONS = YES;
				CLANG_WARN_DIRECT_OBJC_ISA_USAGE = YES_ERROR;
				CLANG_WARN_DOCUMENTATION_COMMENTS = NO;
				CLANG_WARN_EMPTY_BODY = YES;
				CLANG_WARN_ENUM_CONVERSION = YES;
				CLANG_WARN_INFINITE_RECURSION = YES;
				CLANG_WARN_INT_CONVERSION = YES;
				CLANG_WARN_NON_LITERAL_NULL_CONVERSION = YES;
				CLANG_WARN_OBJC_IMPLICIT_RETAIN_SELF = YES;
				CLANG_WARN_OBJC_LITERAL_CONVERSION = YES;
				CLANG_WARN_OBJC_ROOT_CLASS = YES_ERROR;
				CLANG_WARN_RANGE_LOOP_ANALYSIS = YES;
				CLANG_WARN_STRICT_PROTOTYPES = YES;
				CLANG_WARN_SUSPICIOUS_MOVE = YES;
				CLANG_WARN_UNGUARDED_AVAILABILITY = YES_AGGRESSIVE;
				CLANG_WARN_UNREACHABLE_CODE = YES;
				CLANG_WARN__DUPLICATE_METHOD_MATCH = YES;
				COPY_PHASE_STRIP = NO;
				DEBUG_INFORMATION_FORMAT = "dwarf-with-dsym";
				ENABLE_NS_ASSERTIONS = NO;
				ENABLE_STRICT_OBJC_MSGSEND = YES;
				GCC_C_LANGUAGE_STANDARD = gnu11;
				GCC_NO_COMMON_BLOCKS = YES;
				GCC_WARN_64_TO_32_BIT_CONVERSION = YES;
				GCC_WARN_ABOUT_RETURN_TYPE = YES_ERROR;
				GCC_WARN_UNDECLARED_SELECTOR = YES;
				GCC_WARN_UNINITIALIZED_AUTOS = YES_AGGRESSIVE;
				GCC_WARN_UNUSED_FUNCTION = YES;
				GCC_WARN_UNUSED_VARIABLE = YES;
				HEADER_SEARCH_PATHS = /usr/local/include;
				MACOSX_DEPLOYMENT_TARGET = 10.14;
				MTL_ENABLE_DEBUG_INFO = NO;
				MTL_FAST_MATH = YES;
				SDKROOT = macosx;
			};
			name = Release;
		};
		D48E2771233ED64B007B8FB5 /* Debug */ = {
			isa = XCBuildConfiguration;
			buildSettings = {
				CODE_SIGN_STYLE = Automatic;
				DEVELOPMENT_TEAM = GJ3CB2MZ43;
				ENABLE_HARDENED_RUNTIME = NO;
				HEADER_SEARCH_PATHS = /usr/local/include;
				LIBRARY_SEARCH_PATHS = (
					/usr/local/lib,
					/usr/local/Cellar/glfw/3.3/lib,
					/usr/local/Cellar/glew/2.1.0/lib,
				);
				OTHER_CFLAGS = "";
				PRODUCT_NAME = "$(TARGET_NAME)";
			};
			name = Debug;
		};
		D48E2772233ED64B007B8FB5 /* Release */ = {
			isa = XCBuildConfiguration;
			buildSettings = {
				CODE_SIGN_STYLE = Automatic;
				DEVELOPMENT_TEAM = GJ3CB2MZ43;
				ENABLE_HARDENED_RUNTIME = NO;
				HEADER_SEARCH_PATHS = /usr/local/include;
				LIBRARY_SEARCH_PATHS = (
					/usr/local/lib,
					/usr/local/Cellar/glfw/3.3/lib,
					/usr/local/Cellar/glew/2.1.0/lib,
				);
				OTHER_CFLAGS = "";
				PRODUCT_NAME = "$(TARGET_NAME)";
			};
			name = Release;
		};
/* End XCBuildConfiguration section */

/* Begin XCConfigurationList section */
		D48E2764233ED64B007B8FB5 /* Build configuration list for PBXProject "CGraphics" */ = {
			isa = XCConfigurationList;
			buildConfigurations = (
				D48E276E233ED64B007B8FB5 /* Debug */,
				D48E276F233ED64B007B8FB5 /* Release */,
			);
			defaultConfigurationIsVisible = 0;
			defaultConfigurationName = Release;
		};
		D48E2770233ED64B007B8FB5 /* Build configuration list for PBXNativeTarget "CGraphics" */ = {
			isa = XCConfigurationList;
			buildConfigurations = (
				D48E2771233ED64B007B8FB5 /* Debug */,
				D48E2772233ED64B007B8FB5 /* Release */,
			);
			defaultConfigurationIsVisible = 0;
			defaultConfigurationName = Release;
		};
/* End XCConfigurationList section */
	};
	rootObject = D48E2761233ED64B007B8FB5 /* Project object */;
}
